
Microsoft Visual Studio Solution File, Format Version 11.00
# Visual Studio 2010
Project("{8BC9CEB8-8B4A-11D0-8D11-00A0C91BC942}") = "Coin", "Coin\Coin.vcxproj", "{CDF186CA-2A44-45E7-8EF3-B613659DDA9D}"
EndProject
Global
	GlobalSection(SolutionConfigurationPlatforms) = preSolution
		Debug|Win32 = Debug|Win32
		Release|Win32 = Release|Win32
	EndGlobalSection
	GlobalSection(ProjectConfigurationPlatforms) = postSolution
		{CDF186CA-2A44-45E7-8EF3-B613659DDA9D}.Debug|Win32.ActiveCfg = Debug|Win32
		{CDF186CA-2A44-45E7-8EF3-B613659DDA9D}.Debug|Win32.Build.0 = Debug|Win32
		{CDF186CA-2A44-45E7-8EF3-B613659DDA9D}.Release|Win32.ActiveCfg = Release|Win32
		{CDF186CA-2A44-45E7-8EF3-B613659DDA9D}.Release|Win32.Build.0 = Release|Win32
	EndGlobalSection
	GlobalSection(SolutionProperties) = preSolution
		HideSolutionNode = FALSE
	EndGlobalSection
EndGlobal
